
Microsoft Visual Studio Solution File, Format Version 12.00
# Visual Studio Version 16
VisualStudioVersion = 16.0.30503.244
MinimumVisualStudioVersion = 10.0.40219.1
Project("{FAE04EC0-301F-11D3-BF4B-00C04F79EFBC}") = "WebApp", "WebApp\WebApp.csproj", "{02D4A6F6-D9F8-4CE9-9580-780FCDC40A6B}"
EndProject
Project("{FAE04EC0-301F-11D3-BF4B-00C04F79EFBC}") = "NorthwindTraders", "NorthwindTraders\NorthwindTraders.csproj", "{BB803119-DA05-400D-BA92-FF4F4549247E}"
EndProject
Project("{FAE04EC0-301F-11D3-BF4B-00C04F79EFBC}") = "NorthwindTraders.DataStore", "NorthwindTraders.DataStore\NorthwindTraders.DataStore.csproj", "{0531A4C7-E3C3-40D7-8CFB-6A63EEEAA1C5}"
EndProject
Global
	GlobalSection(SolutionConfigurationPlatforms) = preSolution
		Debug|Any CPU = Debug|Any CPU
		Release|Any CPU = Release|Any CPU
	EndGlobalSection
	GlobalSection(ProjectConfigurationPlatforms) = postSolution
		{02D4A6F6-D9F8-4CE9-9580-780FCDC40A6B}.Debug|Any CPU.ActiveCfg = Debug|Any CPU
		{02D4A6F6-D9F8-4CE9-9580-780FCDC40A6B}.Debug|Any CPU.Build.0 = Debug|Any CPU
		{02D4A6F6-D9F8-4CE9-9580-780FCDC40A6B}.Release|Any CPU.ActiveCfg = Release|Any CPU
		{02D4A6F6-D9F8-4CE9-9580-780FCDC40A6B}.Release|Any CPU.Build.0 = Release|Any CPU
		{BB803119-DA05-400D-BA92-FF4F4549247E}.Debug|Any CPU.ActiveCfg = Debug|Any CPU
		{BB803119-DA05-400D-BA92-FF4F4549247E}.Debug|Any CPU.Build.0 = Debug|Any CPU
		{BB803119-DA05-400D-BA92-FF4F4549247E}.Release|Any CPU.ActiveCfg = Release|Any CPU
		{BB803119-DA05-400D-BA92-FF4F4549247E}.Release|Any CPU.Build.0 = Release|Any CPU
		{0531A4C7-E3C3-40D7-8CFB-6A63EEEAA1C5}.Debug|Any CPU.ActiveCfg = Debug|Any CPU
		{0531A4C7-E3C3-40D7-8CFB-6A63EEEAA1C5}.Debug|Any CPU.Build.0 = Debug|Any CPU
		{0531A4C7-E3C3-40D7-8CFB-6A63EEEAA1C5}.Release|Any CPU.ActiveCfg = Release|Any CPU
		{0531A4C7-E3C3-40D7-8CFB-6A63EEEAA1C5}.Release|Any CPU.Build.0 = Release|Any CPU
	EndGlobalSection
	GlobalSection(SolutionProperties) = preSolution
		HideSolutionNode = FALSE
	EndGlobalSection
	GlobalSection(ExtensibilityGlobals) = postSolution
		SolutionGuid = {894C2BA7-A8D5-4CD7-8DFF-0520EE9032F0}
	EndGlobalSection
EndGlobal
